
Microsoft Visual Studio Solution File, Format Version 12.00
# Visual Studio Version 16
VisualStudioVersion = 16.0.30804.86
MinimumVisualStudioVersion = 10.0.40219.1
Project("{FAE04EC0-301F-11D3-BF4B-00C04F79EFBC}") = "CCLLC.Azure.Authentication", "CCLLC.Azure.Authentication\CCLLC.Azure.Authentication.csproj", "{9CB42EF3-2DD8-49B9-BC55-6D5A14C4B44A}"
EndProject
Project("{2150E333-8FDC-42A3-9474-1A3956D46DE8}") = "Pipeline", "Pipeline", "{082A6769-79B8-423F-8F0F-650E4D6406AE}"
	ProjectSection(SolutionItems) = preProject
		azure-pipelines.yml = azure-pipelines.yml
	EndProjectSection
EndProject
Global
	GlobalSection(SolutionConfigurationPlatforms) = preSolution
		Debug|Any CPU = Debug|Any CPU
		Release|Any CPU = Release|Any CPU
	EndGlobalSection
	GlobalSection(ProjectConfigurationPlatforms) = postSolution
		{9CB42EF3-2DD8-49B9-BC55-6D5A14C4B44A}.Debug|Any CPU.ActiveCfg = Debug|Any CPU
		{9CB42EF3-2DD8-49B9-BC55-6D5A14C4B44A}.Debug|Any CPU.Build.0 = Debug|Any CPU
		{9CB42EF3-2DD8-49B9-BC55-6D5A14C4B44A}.Release|Any CPU.ActiveCfg = Release|Any CPU
		{9CB42EF3-2DD8-49B9-BC55-6D5A14C4B44A}.Release|Any CPU.Build.0 = Release|Any CPU
	EndGlobalSection
	GlobalSection(SolutionProperties) = preSolution
		HideSolutionNode = FALSE
	EndGlobalSection
	GlobalSection(ExtensibilityGlobals) = postSolution
		SolutionGuid = {5966797F-D15C-4BD2-B977-959120B2ED59}
	EndGlobalSection
EndGlobal
